
Microsoft Visual Studio Solution File, Format Version 12.00
# Visual Studio Version 17
VisualStudioVersion = 17.2.32210.308
MinimumVisualStudioVersion = 10.0.40219.1
Project("{9A19103F-16F7-4668-BE54-9A1E7A4F7556}") = "Algorithms", "Algorithms\Algorithms.csproj", "{C7F359FE-ECA2-4041-BD72-07A0916C9B25}"
EndProject
Project("{9A19103F-16F7-4668-BE54-9A1E7A4F7556}") = "UnitTests", "UnitTests\UnitTests.csproj", "{9FE3DB57-A079-4693-BF50-EC4B329CCFAB}"
EndProject
Project("{2150E333-8FDC-42A3-9474-1A3956D46DE8}") = "Solution Items", "Solution Items", "{BFE4142E-5AC3-484D-A459-D862463A3D64}"
	ProjectSection(SolutionItems) = preProject
		.editorconfig = .editorconfig
	EndProjectSection
EndProject
Global
	GlobalSection(SolutionConfigurationPlatforms) = preSolution
		Debug|Any CPU = Debug|Any CPU
		Release|Any CPU = Release|Any CPU
	EndGlobalSection
	GlobalSection(ProjectConfigurationPlatforms) = postSolution
		{C7F359FE-ECA2-4041-BD72-07A0916C9B25}.Debug|Any CPU.ActiveCfg = Debug|Any CPU
		{C7F359FE-ECA2-4041-BD72-07A0916C9B25}.Debug|Any CPU.Build.0 = Debug|Any CPU
		{C7F359FE-ECA2-4041-BD72-07A0916C9B25}.Release|Any CPU.ActiveCfg = Release|Any CPU
		{C7F359FE-ECA2-4041-BD72-07A0916C9B25}.Release|Any CPU.Build.0 = Release|Any CPU
		{9FE3DB57-A079-4693-BF50-EC4B329CCFAB}.Debug|Any CPU.ActiveCfg = Debug|Any CPU
		{9FE3DB57-A079-4693-BF50-EC4B329CCFAB}.Debug|Any CPU.Build.0 = Debug|Any CPU
		{9FE3DB57-A079-4693-BF50-EC4B329CCFAB}.Release|Any CPU.ActiveCfg = Release|Any CPU
		{9FE3DB57-A079-4693-BF50-EC4B329CCFAB}.Release|Any CPU.Build.0 = Release|Any CPU
	EndGlobalSection
	GlobalSection(SolutionProperties) = preSolution
		HideSolutionNode = FALSE
	EndGlobalSection
	GlobalSection(ExtensibilityGlobals) = postSolution
		SolutionGuid = {476989D8-753A-49CB-A229-5FF349E32F6C}
	EndGlobalSection
EndGlobal
